// !$*UTF8*$!
{
	archiveVersion = 1;
	classes = {
	};
	objectVersion = 55;
	objects = {

/* Begin PBXBuildFile section */
		ADA643C427B18A0B00057543 /* CoinType.swift in Sources */ = {isa = PBXBuildFile; fileRef = ADA643C327B18A0B00057543 /* CoinType.swift */; };
		ADA643C627B18AAE00057543 /* Coin.swift in Sources */ = {isa = PBXBuildFile; fileRef = ADA643C527B18AAE00057543 /* Coin.swift */; };
		ADA643C827B18AD400057543 /* CoinCapPriceService.swift in Sources */ = {isa = PBXBuildFile; fileRef = ADA643C727B18AD400057543 /* CoinCapPriceService.swift */; };
		ADA643CA27B2CC7300057543 /* MenuBarCoinViewModel.swift in Sources */ = {isa = PBXBuildFile; fileRef = ADA643C927B2CC7300057543 /* MenuBarCoinViewModel.swift */; };
		ADA643CC27B2F7D900057543 /* PopoverCoinViewModel.swift in Sources */ = {isa = PBXBuildFile; fileRef = ADA643CB27B2F7D900057543 /* PopoverCoinViewModel.swift */; };
		ADEAD32C27ADC07100BCB881 /* CryptoTrackerApp.swift in Sources */ = {isa = PBXBuildFile; fileRef = ADEAD32B27ADC07100BCB881 /* CryptoTrackerApp.swift */; };
		ADEAD33027ADC07200BCB881 /* Assets.xcassets in Resources */ = {isa = PBXBuildFile; fileRef = ADEAD32F27ADC07200BCB881 /* Assets.xcassets */; };
		ADEAD33327ADC07200BCB881 /* Preview Assets.xcassets in Resources */ = {isa = PBXBuildFile; fileRef = ADEAD33227ADC07200BCB881 /* Preview Assets.xcassets */; };
		ADEAD33C27ADC19900BCB881 /* AppDelegate.swift in Sources */ = {isa = PBXBuildFile; fileRef = ADEAD33B27ADC19900BCB881 /* AppDelegate.swift */; };
		ADEAD33E27ADC3D900BCB881 /* MenuBarCoinView.swift in Sources */ = {isa = PBXBuildFile; fileRef = ADEAD33D27ADC3D900BCB881 /* MenuBarCoinView.swift */; };
		ADEAD34027ADC7A000BCB881 /* PopoverCoinView.swift in Sources */ = {isa = PBXBuildFile; fileRef = ADEAD33F27ADC7A000BCB881 /* PopoverCoinView.swift */; };
/* End PBXBuildFile section */

/* Begin PBXFileReference section */
		ADA643C327B18A0B00057543 /* CoinType.swift */ = {isa = PBXFileReference; lastKnownFileType = sourcecode.swift; path = CoinType.swift; sourceTree = "<group>"; };
		ADA643C527B18AAE00057543 /* Coin.swift */ = {isa = PBXFileReference; lastKnownFileType = sourcecode.swift; path = Coin.swift; sourceTree = "<group>"; };
		ADA643C727B18AD400057543 /* CoinCapPriceService.swift */ = {isa = PBXFileReference; lastKnownFileType = sourcecode.swift; path = CoinCapPriceService.swift; sourceTree = "<group>"; };
		ADA643C927B2CC7300057543 /* MenuBarCoinViewModel.swift */ = {isa = PBXFileReference; lastKnownFileType = sourcecode.swift; path = MenuBarCoinViewModel.swift; sourceTree = "<group>"; };
		ADA643CB27B2F7D900057543 /* PopoverCoinViewModel.swift */ = {isa = PBXFileReference; lastKnownFileType = sourcecode.swift; path = PopoverCoinViewModel.swift; sourceTree = "<group>"; };
		ADEAD32827ADC07100BCB881 /* CryptoTracker.app */ = {isa = PBXFileReference; explicitFileType = wrapper.application; includeInIndex = 0; path = CryptoTracker.app; sourceTree = BUILT_PRODUCTS_DIR; };
		ADEAD32B27ADC07100BCB881 /* CryptoTrackerApp.swift */ = {isa = PBXFileReference; lastKnownFileType = sourcecode.swift; path = CryptoTrackerApp.swift; sourceTree = "<group>"; };
		ADEAD32F27ADC07200BCB881 /* Assets.xcassets */ = {isa = PBXFileReference; lastKnownFileType = folder.assetcatalog; path = Assets.xcassets; sourceTree = "<group>"; };
		ADEAD33227ADC07200BCB881 /* Preview Assets.xcassets */ = {isa = PBXFileReference; lastKnownFileType = folder.assetcatalog; path = "Preview Assets.xcassets"; sourceTree = "<group>"; };
		ADEAD33427ADC07200BCB881 /* CryptoTracker.entitlements */ = {isa = PBXFileReference; lastKnownFileType = text.plist.entitlements; path = CryptoTracker.entitlements; sourceTree = "<group>"; };
		ADEAD33A27ADC0CD00BCB881 /* Info.plist */ = {isa = PBXFileReference; lastKnownFileType = text.plist; path = Info.plist; sourceTree = "<group>"; };
		ADEAD33B27ADC19900BCB881 /* AppDelegate.swift */ = {isa = PBXFileReference; lastKnownFileType = sourcecode.swift; path = AppDelegate.swift; sourceTree = "<group>"; };
		ADEAD33D27ADC3D900BCB881 /* MenuBarCoinView.swift */ = {isa = PBXFileReference; lastKnownFileType = sourcecode.swift; path = MenuBarCoinView.swift; sourceTree = "<group>"; };
		ADEAD33F27ADC7A000BCB881 /* PopoverCoinView.swift */ = {isa = PBXFileReference; lastKnownFileType = sourcecode.swift; path = PopoverCoinView.swift; sourceTree = "<group>"; };
/* End PBXFileReference section */

/* Begin PBXFrameworksBuildPhase section */
		ADEAD32527ADC07100BCB881 /* Frameworks */ = {
			isa = PBXFrameworksBuildPhase;
			buildActionMask = 2147483647;
			files = (
			);
			runOnlyForDeploymentPostprocessing = 0;
		};
/* End PBXFrameworksBuildPhase section */

/* Begin PBXGroup section */
		ADEAD31F27ADC07100BCB881 = {
			isa = PBXGroup;
			children = (
				ADEAD32A27ADC07100BCB881 /* CryptoTracker */,
				ADEAD32927ADC07100BCB881 /* Products */,
			);
			sourceTree = "<group>";
		};
		ADEAD32927ADC07100BCB881 /* Products */ = {
			isa = PBXGroup;
			children = (
				ADEAD32827ADC07100BCB881 /* CryptoTracker.app */,
			);
			name = Products;
			sourceTree = "<group>";
		};
		ADEAD32A27ADC07100BCB881 /* CryptoTracker */ = {
			isa = PBXGroup;
			children = (
				ADEAD33A27ADC0CD00BCB881 /* Info.plist */,
				ADEAD32B27ADC07100BCB881 /* CryptoTrackerApp.swift */,
				ADEAD32F27ADC07200BCB881 /* Assets.xcassets */,
				ADEAD33427ADC07200BCB881 /* CryptoTracker.entitlements */,
				ADEAD33127ADC07200BCB881 /* Preview Content */,
				ADEAD33B27ADC19900BCB881 /* AppDelegate.swift */,
				ADEAD33D27ADC3D900BCB881 /* MenuBarCoinView.swift */,
				ADEAD33F27ADC7A000BCB881 /* PopoverCoinView.swift */,
				ADA643C327B18A0B00057543 /* CoinType.swift */,
				ADA643C527B18AAE00057543 /* Coin.swift */,
				ADA643C727B18AD400057543 /* CoinCapPriceService.swift */,
				ADA643C927B2CC7300057543 /* MenuBarCoinViewModel.swift */,
				ADA643CB27B2F7D900057543 /* PopoverCoinViewModel.swift */,
			);
			path = CryptoTracker;
			sourceTree = "<group>";
		};
		ADEAD33127ADC07200BCB881 /* Preview Content */ = {
			isa = PBXGroup;
			children = (
				ADEAD33227ADC07200BCB881 /* Preview Assets.xcassets */,
			);
			path = "Preview Content";
			sourceTree = "<group>";
		};
/* End PBXGroup section */

/* Begin PBXNativeTarget section */
		ADEAD32727ADC07100BCB881 /* CryptoTracker */ = {
			isa = PBXNativeTarget;
			buildConfigurationList = ADEAD33727ADC07200BCB881 /* Build configuration list for PBXNativeTarget "CryptoTracker" */;
			buildPhases = (
				ADEAD32427ADC07100BCB881 /* Sources */,
				ADEAD32527ADC07100BCB881 /* Frameworks */,
				ADEAD32627ADC07100BCB881 /* Resources */,
			);
			buildRules = (
			);
			dependencies = (
			);
			name = CryptoTracker;
			productName = CryptoTracker;
			productReference = ADEAD32827ADC07100BCB881 /* CryptoTracker.app */;
			productType = "com.apple.product-type.application";
		};
/* End PBXNativeTarget section */

/* Begin PBXProject section */
		ADEAD32027ADC07100BCB881 /* Project object */ = {
			isa = PBXProject;
			attributes = {
				BuildIndependentTargetsInParallel = 1;
				LastSwiftUpdateCheck = 1320;
				LastUpgradeCheck = 1320;
				TargetAttributes = {
					ADEAD32727ADC07100BCB881 = {
						CreatedOnToolsVersion = 13.2.1;
					};
				};
			};
			buildConfigurationList = ADEAD32327ADC07100BCB881 /* Build configuration list for PBXProject "CryptoTracker" */;
			compatibilityVersion = "Xcode 13.0";
			developmentRegion = en;
			hasScannedForEncodings = 0;
			knownRegions = (
				en,
				Base,
			);
			mainGroup = ADEAD31F27ADC07100BCB881;
			productRefGroup = ADEAD32927ADC07100BCB881 /* Products */;
			projectDirPath = "";
			projectRoot = "";
			targets = (
				ADEAD32727ADC07100BCB881 /* CryptoTracker */,
			);
		};
/* End PBXProject section */

/* Begin PBXResourcesBuildPhase section */
		ADEAD32627ADC07100BCB881 /* Resources */ = {
			isa = PBXResourcesBuildPhase;
			buildActionMask = 2147483647;
			files = (
				ADEAD33327ADC07200BCB881 /* Preview Assets.xcassets in Resources */,
				ADEAD33027ADC07200BCB881 /* Assets.xcassets in Resources */,
			);
			runOnlyForDeploymentPostprocessing = 0;
		};
/* End PBXResourcesBuildPhase section */

/* Begin PBXSourcesBuildPhase section */
		ADEAD32427ADC07100BCB881 /* Sources */ = {
			isa = PBXSourcesBuildPhase;
			buildActionMask = 2147483647;
			files = (
				ADA643C627B18AAE00057543 /* Coin.swift in Sources */,
				ADA643C827B18AD400057543 /* CoinCapPriceService.swift in Sources */,
				ADA643C427B18A0B00057543 /* CoinType.swift in Sources */,
				ADA643CC27B2F7D900057543 /* PopoverCoinViewModel.swift in Sources */,
				ADEAD33E27ADC3D900BCB881 /* MenuBarCoinView.swift in Sources */,
				ADA643CA27B2CC7300057543 /* MenuBarCoinViewModel.swift in Sources */,
				ADEAD33C27ADC19900BCB881 /* AppDelegate.swift in Sources */,
				ADEAD32C27ADC07100BCB881 /* CryptoTrackerApp.swift in Sources */,
				ADEAD34027ADC7A000BCB881 /* PopoverCoinView.swift in Sources */,
			);
			runOnlyForDeploymentPostprocessing = 0;
		};
/* End PBXSourcesBuildPhase section */

/* Begin XCBuildConfiguration section */
		ADEAD33527ADC07200BCB881 /* Debug */ = {
			isa = XCBuildConfiguration;
			buildSettings = {
				ALWAYS_SEARCH_USER_PATHS = NO;
				CLANG_ANALYZER_NONNULL = YES;
				CLANG_ANALYZER_NUMBER_OBJECT_CONVERSION = YES_AGGRESSIVE;
				CLANG_CXX_LANGUAGE_STANDARD = "gnu++17";
				CLANG_CXX_LIBRARY = "libc++";
				CLANG_ENABLE_MODULES = YES;
				CLANG_ENABLE_OBJC_ARC = YES;
				CLANG_ENABLE_OBJC_WEAK = YES;
				CLANG_WARN_BLOCK_CAPTURE_AUTORELEASING = YES;
				CLANG_WARN_BOOL_CONVERSION = YES;
				CLANG_WARN_COMMA = YES;
				CLANG_WARN_CONSTANT_CONVERSION = YES;
				CLANG_WARN_DEPRECATED_OBJC_IMPLEMENTATIONS = YES;
				CLANG_WARN_DIRECT_OBJC_ISA_USAGE = YES_ERROR;
				CLANG_WARN_DOCUMENTATION_COMMENTS = YES;
				CLANG_WARN_EMPTY_BODY = YES;
				CLANG_WARN_ENUM_CONVERSION = YES;
				CLANG_WARN_INFINITE_RECURSION = YES;
				CLANG_WARN_INT_CONVERSION = YES;
				CLANG_WARN_NON_LITERAL_NULL_CONVERSION = YES;
				CLANG_WARN_OBJC_IMPLICIT_RETAIN_SELF = YES;
				CLANG_WARN_OBJC_LITERAL_CONVERSION = YES;
				CLANG_WARN_OBJC_ROOT_CLASS = YES_ERROR;
				CLANG_WARN_QUOTED_INCLUDE_IN_FRAMEWORK_HEADER = YES;
				CLANG_WARN_RANGE_LOOP_ANALYSIS = YES;
				CLANG_WARN_STRICT_PROTOTYPES = YES;
				CLANG_WARN_SUSPICIOUS_MOVE = YES;
				CLANG_WARN_UNGUARDED_AVAILABILITY = YES_AGGRESSIVE;
				CLANG_WARN_UNREACHABLE_CODE = YES;
				CLANG_WARN__DUPLICATE_METHOD_MATCH = YES;
				COPY_PHASE_STRIP = NO;
				DEBUG_INFORMATION_FORMAT = dwarf;
				ENABLE_STRICT_OBJC_MSGSEND = YES;
				ENABLE_TESTABILITY = YES;
				GCC_C_LANGUAGE_STANDARD = gnu11;
				GCC_DYNAMIC_NO_PIC = NO;
				GCC_NO_COMMON_BLOCKS = YES;
				GCC_OPTIMIZATION_LEVEL = 0;
				GCC_PREPROCESSOR_DEFINITIONS = (
					"DEBUG=1",
					"$(inherited)",
				);
				GCC_WARN_64_TO_32_BIT_CONVERSION = YES;
				GCC_WARN_ABOUT_RETURN_TYPE = YES_ERROR;
				GCC_WARN_UNDECLARED_SELECTOR = YES;
				GCC_WARN_UNINITIALIZED_AUTOS = YES_AGGRESSIVE;
				GCC_WARN_UNUSED_FUNCTION = YES;
				GCC_WARN_UNUSED_VARIABLE = YES;
				MACOSX_DEPLOYMENT_TARGET = 12.1;
				MTL_ENABLE_DEBUG_INFO = INCLUDE_SOURCE;
				MTL_FAST_MATH = YES;
				ONLY_ACTIVE_ARCH = YES;
				SDKROOT = macosx;
				SWIFT_ACTIVE_COMPILATION_CONDITIONS = DEBUG;
				SWIFT_OPTIMIZATION_LEVEL = "-Onone";
			};
			name = Debug;
		};
		ADEAD33627ADC07200BCB881 /* Release */ = {
			isa = XCBuildConfiguration;
			buildSettings = {
				ALWAYS_SEARCH_USER_PATHS = NO;
				CLANG_ANALYZER_NONNULL = YES;
				CLANG_ANALYZER_NUMBER_OBJECT_CONVERSION = YES_AGGRESSIVE;
				CLANG_CXX_LANGUAGE_STANDARD = "gnu++17";
				CLANG_CXX_LIBRARY = "libc++";
				CLANG_ENABLE_MODULES = YES;
				CLANG_ENABLE_OBJC_ARC = YES;
				CLANG_ENABLE_OBJC_WEAK = YES;
				CLANG_WARN_BLOCK_CAPTURE_AUTORELEASING = YES;
				CLANG_WARN_BOOL_CONVERSION = YES;
				CLANG_WARN_COMMA = YES;
				CLANG_WARN_CONSTANT_CONVERSION = YES;
				CLANG_WARN_DEPRECATED_OBJC_IMPLEMENTATIONS = YES;
				CLANG_WARN_DIRECT_OBJC_ISA_USAGE = YES_ERROR;
				CLANG_WARN_DOCUMENTATION_COMMENTS = YES;
				CLANG_WARN_EMPTY_BODY = YES;
				CLANG_WARN_ENUM_CONVERSION = YES;
				CLANG_WARN_INFINITE_RECURSION = YES;
				CLANG_WARN_INT_CONVERSION = YES;
				CLANG_WARN_NON_LITERAL_NULL_CONVERSION = YES;
				CLANG_WARN_OBJC_IMPLICIT_RETAIN_SELF = YES;
				CLANG_WARN_OBJC_LITERAL_CONVERSION = YES;
				CLANG_WARN_OBJC_ROOT_CLASS = YES_ERROR;
				CLANG_WARN_QUOTED_INCLUDE_IN_FRAMEWORK_HEADER = YES;
				CLANG_WARN_RANGE_LOOP_ANALYSIS = YES;
				CLANG_WARN_STRICT_PROTOTYPES = YES;
				CLANG_WARN_SUSPICIOUS_MOVE = YES;
				CLANG_WARN_UNGUARDED_AVAILABILITY = YES_AGGRESSIVE;
				CLANG_WARN_UNREACHABLE_CODE = YES;
				CLANG_WARN__DUPLICATE_METHOD_MATCH = YES;
				COPY_PHASE_STRIP = NO;
				DEBUG_INFORMATION_FORMAT = "dwarf-with-dsym";
				ENABLE_NS_ASSERTIONS = NO;
				ENABLE_STRICT_OBJC_MSGSEND = YES;
				GCC_C_LANGUAGE_STANDARD = gnu11;
				GCC_NO_COMMON_BLOCKS = YES;
				GCC_WARN_64_TO_32_BIT_CONVERSION = YES;
				GCC_WARN_ABOUT_RETURN_TYPE = YES_ERROR;
				GCC_WARN_UNDECLARED_SELECTOR = YES;
				GCC_WARN_UNINITIALIZED_AUTOS = YES_AGGRESSIVE;
				GCC_WARN_UNUSED_FUNCTION = YES;
				GCC_WARN_UNUSED_VARIABLE = YES;
				MACOSX_DEPLOYMENT_TARGET = 12.1;
				MTL_ENABLE_DEBUG_INFO = NO;
				MTL_FAST_MATH = YES;
				SDKROOT = macosx;
				SWIFT_COMPILATION_MODE = wholemodule;
				SWIFT_OPTIMIZATION_LEVEL = "-O";
			};
			name = Release;
		};
		ADEAD33827ADC07200BCB881 /* Debug */ = {
			isa = XCBuildConfiguration;
			buildSettings = {
				ASSETCATALOG_COMPILER_APPICON_NAME = AppIcon;
				ASSETCATALOG_COMPILER_GLOBAL_ACCENT_COLOR_NAME = AccentColor;
				CODE_SIGN_ENTITLEMENTS = CryptoTracker/CryptoTracker.entitlements;
				CODE_SIGN_STYLE = Automatic;
				COMBINE_HIDPI_IMAGES = YES;
				CURRENT_PROJECT_VERSION = 1;
				DEVELOPMENT_ASSET_PATHS = "\"CryptoTracker/Preview Content\"";
				DEVELOPMENT_TEAM = CF655ESNGC;
				ENABLE_HARDENED_RUNTIME = YES;
				ENABLE_PREVIEWS = YES;
				GENERATE_INFOPLIST_FILE = YES;
				INFOPLIST_FILE = CryptoTracker/Info.plist;
				INFOPLIST_KEY_NSHumanReadableCopyright = "";
				LD_RUNPATH_SEARCH_PATHS = (
					"$(inherited)",
					"@executable_path/../Frameworks",
				);
				MARKETING_VERSION = 1.0;
				PRODUCT_BUNDLE_IDENTIFIER = com.baralabs.CryptoTracker;
				PRODUCT_NAME = "$(TARGET_NAME)";
				SWIFT_EMIT_LOC_STRINGS = YES;
				SWIFT_VERSION = 5.0;
			};
			name = Debug;
		};
		ADEAD33927ADC07200BCB881 /* Release */ = {
			isa = XCBuildConfiguration;
			buildSettings = {
				ASSETCATALOG_COMPILER_APPICON_NAME = AppIcon;
				ASSETCATALOG_COMPILER_GLOBAL_ACCENT_COLOR_NAME = AccentColor;
				CODE_SIGN_ENTITLEMENTS = CryptoTracker/CryptoTracker.entitlements;
				CODE_SIGN_STYLE = Automatic;
				COMBINE_HIDPI_IMAGES = YES;
				CURRENT_PROJECT_VERSION = 1;
				DEVELOPMENT_ASSET_PATHS = "\"CryptoTracker/Preview Content\"";
				DEVELOPMENT_TEAM = CF655ESNGC;
				ENABLE_HARDENED_RUNTIME = YES;
				ENABLE_PREVIEWS = YES;
				GENERATE_INFOPLIST_FILE = YES;
				INFOPLIST_FILE = CryptoTracker/Info.plist;
				INFOPLIST_KEY_NSHumanReadableCopyright = "";
				LD_RUNPATH_SEARCH_PATHS = (
					"$(inherited)",
					"@executable_path/../Frameworks",
				);
				MARKETING_VERSION = 1.0;
				PRODUCT_BUNDLE_IDENTIFIER = com.baralabs.CryptoTracker;
				PRODUCT_NAME = "$(TARGET_NAME)";
				SWIFT_EMIT_LOC_STRINGS = YES;
				SWIFT_VERSION = 5.0;
			};
			name = Release;
		};
/* End XCBuildConfiguration section */

/* Begin XCConfigurationList section */
		ADEAD32327ADC07100BCB881 /* Build configuration list for PBXProject "CryptoTracker" */ = {
			isa = XCConfigurationList;
			buildConfigurations = (
				ADEAD33527ADC07200BCB881 /* Debug */,
				ADEAD33627ADC07200BCB881 /* Release */,
			);
			defaultConfigurationIsVisible = 0;
			defaultConfigurationName = Release;
		};
		ADEAD33727ADC07200BCB881 /* Build configuration list for PBXNativeTarget "CryptoTracker" */ = {
			isa = XCConfigurationList;
			buildConfigurations = (
				ADEAD33827ADC07200BCB881 /* Debug */,
				ADEAD33927ADC07200BCB881 /* Release */,
			);
			defaultConfigurationIsVisible = 0;
			defaultConfigurationName = Release;
		};
/* End XCConfigurationList section */
	};
	rootObject = ADEAD32027ADC07100BCB881 /* Project object */;
}
